{
  "name": "signup",
  "version": "1.0.0",
  "lockfileVersion": 3,
  "requires": true,
  "packages": {
    "": {
      "name": "signup",
      "version": "1.0.0",
      "license": "ISC",
      "dependencies": {
        "ett-dao": "file:../../_lib/dao"
      }
    },
    "../../_lib/dao": {
      "name": "dao",
      "version": "1.0.0",
      "license": "ISC",
      "dependencies": {
        "@aws-sdk/client-dynamodb": "^3.429.0"
      },
      "devDependencies": {
        "esbuild": "^0.19.4"
      }
    },
    "node_modules/ett-dao": {
      "resolved": "../../_lib/dao",
      "link": true
    }
  }
}
